{
    "_readme": [
        "This file locks the dependencies of your project to a known state",
        "Read more about it at http://getcomposer.org/doc/01-basic-usage.md#composer-lock-the-lock-file"
    ],
    "hash": "df7ffd344dabc83bdb18072689ae8ba1",
    "packages": [
        {
            "name": "illuminate/support",
            "version": "4.0.x-dev",
            "target-dir": "Illuminate/Support",
            "source": {
                "type": "git",
                "url": "https://github.com/illuminate/support.git",
                "reference": "753991c49925df80aaf72e1dcd0afb5119ff9ade"
            },
            "dist": {
                "type": "zip",
                "url": "https://api.github.com/repos/illuminate/support/zipball/753991c49925df80aaf72e1dcd0afb5119ff9ade",
                "reference": "753991c49925df80aaf72e1dcd0afb5119ff9ade",
                "shasum": ""
            },
            "require": {
                "php": ">=5.3.0"
            },
            "require-dev": {
                "mockery/mockery": "0.7.2",
                "patchwork/utf8": "1.1.*",
                "phpunit/phpunit": "3.7.*"
            },
            "type": "library",
            "extra": {
                "branch-alias": {
                    "dev-master": "4.0-dev"
                }
            },
            "autoload": {
                "psr-0": {
                    "Illuminate\\Support": ""
                },
                "files": [
                    "Illuminate/Support/helpers.php"
                ]
            },
            "notification-url": "https://packagist.org/downloads/",
            "license": [
                "MIT"
            ],
            "authors": [
                {
                    "name": "Taylor Otwell",
                    "email": "taylorotwell@gmail.com"
                }
            ],
            "time": "2013-06-05 21:43:34"
        },
        {
            "name": "nick4fake/htmlpurifier",
            "version": "dev-master",
            "source": {
                "type": "git",
                "url": "https://github.com/nick4fake/htmlpurifier.git",
                "reference": "a33ac67e68c7aa241a3d2aa27174ba88df48b1e8"
            },
            "dist": {
                "type": "zip",
                "url": "https://api.github.com/repos/nick4fake/htmlpurifier/zipball/a33ac67e68c7aa241a3d2aa27174ba88df48b1e8",
                "reference": "a33ac67e68c7aa241a3d2aa27174ba88df48b1e8",
                "shasum": ""
            },
            "require": {
                "php": ">=5.2.4"
            },
            "type": "library",
            "autoload": {
                "psr-0": {
                    "HTMLPurifier": "",
                    "HTMLPurifier_": "HTMLPurifier/"
                }
            },
            "notification-url": "https://packagist.org/downloads/",
            "license": [
                "LGPL-2.0"
            ],
            "description": "HTML Purifier is a standards-compliant HTML filter library written in PHP.",
            "homepage": "http://htmlpurifier.org/",
            "time": "2012-09-19 09:37:36"
        },
        {
            "name": "regulus/solid-site",
            "version": "dev-master",
            "source": {
                "type": "git",
                "url": "https://github.com/Regulus343/SolidSite.git",
                "reference": "a1ae80906e9bc64ccc808543aaf7af5029aa79bc"
            },
            "dist": {
                "type": "zip",
                "url": "https://api.github.com/repos/Regulus343/SolidSite/zipball/a1ae80906e9bc64ccc808543aaf7af5029aa79bc",
                "reference": "a1ae80906e9bc64ccc808543aaf7af5029aa79bc",
                "shasum": ""
            },
            "require": {
                "illuminate/support": "4.0.x",
                "php": ">=5.3.0"
            },
            "type": "library",
            "autoload": {
                "classmap": [
                    "src/migrations"
                ],
                "psr-0": {
                    "Regulus\\SolidSite": "src/"
                }
            },
            "notification-url": "https://packagist.org/downloads/",
            "license": [
                "MIT"
            ],
            "authors": [
                {
                    "name": "Cody Jassman",
                    "email": "me@codyjassman.com"
                }
            ],
            "description": "A composer package that assigns section names & titles to pages and simplifies creation of breadcrumb trails and is useful for other components that require page identifying information such as menus that highlight the current location.",
            "time": "2013-05-31 04:50:50"
        },
        {
            "name": "regulus/tetra-text",
            "version": "dev-master",
            "source": {
                "type": "git",
                "url": "https://github.com/Regulus343/TetraText.git",
                "reference": "c628edf7fe6dda1da8b061fea01d6a7005c52c87"
            },
            "dist": {
                "type": "zip",
                "url": "https://api.github.com/repos/Regulus343/TetraText/zipball/c628edf7fe6dda1da8b061fea01d6a7005c52c87",
                "reference": "c628edf7fe6dda1da8b061fea01d6a7005c52c87",
                "shasum": ""
            },
            "require": {
                "illuminate/support": "4.0.x",
                "nick4fake/htmlpurifier": "dev-master",
                "php": ">=5.3.0"
            },
            "type": "library",
            "autoload": {
                "classmap": [
                    "src/migrations"
                ],
                "psr-0": {
                    "Regulus\\TetraText": "src/"
                }
            },
            "notification-url": "https://packagist.org/downloads/",
            "license": [
                "MIT"
            ],
            "authors": [
                {
                    "name": "Cody Jassman",
                    "email": "me@codyjassman.com"
                }
            ],
            "description": "A small text/string formatting composer package that formats phone numbers, numeric values, money values and more.",
            "time": "2013-05-28 06:14:30"
        }
    ],
    "packages-dev": [

    ],
    "aliases": [

    ],
    "minimum-stability": "dev",
    "stability-flags": {
        "regulus/solid-site": 20,
        "regulus/tetra-text": 20,
        "nick4fake/htmlpurifier": 20
    },
    "platform": {
        "php": ">=5.3.0"
    },
    "platform-dev": [

    ]
}
